
Microsoft Visual Studio Solution File, Format Version 12.00
# Visual Studio 14
VisualStudioVersion = 14.0.25123.0
MinimumVisualStudioVersion = 10.0.40219.1
Project("{2150E333-8FDC-42A3-9474-1A3956D46DE8}") = "Solution Items", "Solution Items", "{A88819ED-6248-4F80-B2A1-E03A58411E17}"
	ProjectSection(SolutionItems) = preProject
		users.xml = users.xml
	EndProjectSection
EndProject
Project("{FAE04EC0-301F-11D3-BF4B-00C04F79EFBC}") = "ServiceCoursework.Site", "ServiceCoursework.Site\ServiceCoursework.Site.csproj", "{888D4653-BAA3-4A7C-AB40-2870C58EDBD8}"
EndProject
Project("{FAE04EC0-301F-11D3-BF4B-00C04F79EFBC}") = "ServiceCoursework.Services", "ServiceCoursework.Services\ServiceCoursework.Services.csproj", "{243BE919-5565-4134-936A-A548E39E350B}"
EndProject
Global
	GlobalSection(SolutionConfigurationPlatforms) = preSolution
		Debug|Any CPU = Debug|Any CPU
		Release|Any CPU = Release|Any CPU
	EndGlobalSection
	GlobalSection(ProjectConfigurationPlatforms) = postSolution
		{888D4653-BAA3-4A7C-AB40-2870C58EDBD8}.Debug|Any CPU.ActiveCfg = Debug|Any CPU
		{888D4653-BAA3-4A7C-AB40-2870C58EDBD8}.Debug|Any CPU.Build.0 = Debug|Any CPU
		{888D4653-BAA3-4A7C-AB40-2870C58EDBD8}.Release|Any CPU.ActiveCfg = Release|Any CPU
		{888D4653-BAA3-4A7C-AB40-2870C58EDBD8}.Release|Any CPU.Build.0 = Release|Any CPU
		{243BE919-5565-4134-936A-A548E39E350B}.Debug|Any CPU.ActiveCfg = Debug|Any CPU
		{243BE919-5565-4134-936A-A548E39E350B}.Debug|Any CPU.Build.0 = Debug|Any CPU
		{243BE919-5565-4134-936A-A548E39E350B}.Release|Any CPU.ActiveCfg = Release|Any CPU
		{243BE919-5565-4134-936A-A548E39E350B}.Release|Any CPU.Build.0 = Release|Any CPU
	EndGlobalSection
	GlobalSection(SolutionProperties) = preSolution
		HideSolutionNode = FALSE
	EndGlobalSection
	GlobalSection(NestedProjects) = preSolution
		{888D4653-BAA3-4A7C-AB40-2870C58EDBD8} = {A88819ED-6248-4F80-B2A1-E03A58411E17}
		{243BE919-5565-4134-936A-A548E39E350B} = {A88819ED-6248-4F80-B2A1-E03A58411E17}
	EndGlobalSection
EndGlobal
